PODS:
  - Bolts (1.9.0):
    - Bolts/AppLinks (= 1.9.0)
    - Bolts/Tasks (= 1.9.0)
  - Bolts/AppLinks (1.9.0):
    - Bolts/Tasks
  - Bolts/Tasks (1.9.0)
  - FBSDKCoreKit (4.35.0):
    - Bolts (~> 1.7)
  - FBSDKLoginKit (4.35.0):
    - FBSDKCoreKit
  - INRIX-iOS-ClientLibrary (9.0.0)

DEPENDENCIES:
  - FBSDKLoginKit
  - INRIX-iOS-ClientLibrary

SPEC REPOS:
  https://github.com/cocoapods/specs.git:
    - Bolts
    - FBSDKCoreKit
    - FBSDKLoginKit
    - INRIX-iOS-ClientLibrary

SPEC CHECKSUMS:
  Bolts: ac6567323eac61e203f6a9763667d0f711be34c8
  FBSDKCoreKit: 1a5b2e3ceb5ca827a53c54aa5f4a3480efff80d2
  FBSDKLoginKit: 00a3d65d1226852f9d76dcddff01981e5e6d9c38
  INRIX-iOS-ClientLibrary: 5a9ff1267c1bb773e3df9e27057c5b0c84de38cb

PODFILE CHECKSUM: 8a6ce10d258d95846d19433093dc548ae2aa1218

COCOAPODS: 1.5.3
