PODS:
  - Bolts (1.8.4):
    - Bolts/AppLinks (= 1.8.4)
    - Bolts/Tasks (= 1.8.4)
  - Bolts/AppLinks (1.8.4):
    - Bolts/Tasks
  - Bolts/Tasks (1.8.4)
  - FBSDKCoreKit (4.26.0):
    - Bolts (~> 1.7)
  - FBSDKLoginKit (4.26.0):
    - FBSDKCoreKit
  - INRIX-iOS-ClientLibrary (7.0.3)

DEPENDENCIES:
  - FBSDKLoginKit
  - INRIX-iOS-ClientLibrary

SPEC CHECKSUMS:
  Bolts: 8a7995239dbe724f9cba2248b766d48b7ebdd322
  FBSDKCoreKit: c8b8582311ec11b145451d8b9717dc6cc2ae5a76
  FBSDKLoginKit: f3f03b94c21eb834af243c0a881d48641f47ca60
  INRIX-iOS-ClientLibrary: 412d3dfa0ca5533a820cc5cbb9727fb65b64c91d

PODFILE CHECKSUM: 8a6ce10d258d95846d19433093dc548ae2aa1218

COCOAPODS: 1.2.1
